<?xml version="1.0" encoding="utf-8"?>
<Project ToolsVersion="4.0" xmlns="http://schemas.microsoft.com/developer/msbuild/2003">
  <ItemGroup>
    <Filter Include="소스 파일">
      <UniqueIdentifier>{4FC737F1-C7A5-4376-A066-2A32D752A2FF}</UniqueIdentifier>
      <Extensions>cpp;c;cc;cxx;c++;cppm;ixx;def;odl;idl;hpj;bat;asm;asmx</Extensions>
    </Filter>
    <Filter Include="헤더 파일">
      <UniqueIdentifier>{93995380-89BD-4b04-88EB-625FBE52EBFB}</UniqueIdentifier>
      <Extensions>h;hh;hpp;hxx;h++;hm;inl;inc;ipp;xsd</Extensions>
    </Filter>
    <Filter Include="리소스 파일">
      <UniqueIdentifier>{67DA6AB6-F800-4c08-8B7A-83BB121AAD01}</UniqueIdentifier>
      <Extensions>rc;ico;cur;bmp;dlg;rc2;rct;bin;rgs;gif;jpg;jpeg;jpe;resx;tiff;tif;png;wav;mfcribbon-ms</Extensions>
    </Filter>
    <Filter Include="소스 파일\JsonTree">
      <UniqueIdentifier>{7fc4586d-5a9e-4aca-b9f6-88279689b99d}</UniqueIdentifier>
    </Filter>
    <Filter Include="소스 파일\Utils">
      <UniqueIdentifier>{b67f6f66-6534-4b65-88ac-c7168ed6ab76}</UniqueIdentifier>
    </Filter>
    <Filter Include="헤더 파일\JsonTree">
      <UniqueIdentifier>{36558988-48c3-4620-b563-01c5a2ad4e18}</UniqueIdentifier>
    </Filter>
    <Filter Include="헤더 파일\Utils">
      <UniqueIdentifier>{8cba4bcf-00c6-4f29-8c44-98458cd2175f}</UniqueIdentifier>
    </Filter>
    <Filter Include="Git">
      <UniqueIdentifier>{623534b6-dba8-4974-b939-eca5b6d3af89}</UniqueIdentifier>
    </Filter>
    <Filter Include="헤더 파일\FileIO">
      <UniqueIdentifier>{b5aed390-f669-4583-8a7f-8fed2e2fd313}</UniqueIdentifier>
    </Filter>
    <Filter Include="소스 파일\FileIO">
      <UniqueIdentifier>{020e6778-5313-49ea-8186-712468e1bd0e}</UniqueIdentifier>
    </Filter>
    <Filter Include="소스 파일\Tokenizer">
      <UniqueIdentifier>{6c0be741-61b8-4ff0-8f4f-a467a59effbd}</UniqueIdentifier>
    </Filter>
    <Filter Include="헤더 파일\Tokenizer">
      <UniqueIdentifier>{6035d0b5-6c03-470f-9233-1e6b2ac108fe}</UniqueIdentifier>
    </Filter>
  </ItemGroup>
  <ItemGroup>
    <ClCompile Include="testing.cpp">
      <Filter>소스 파일</Filter>
    </ClCompile>
    <ClCompile Include="src\headers\JsonTree\Implements\NodeBase.cpp">
      <Filter>소스 파일\JsonTree</Filter>
    </ClCompile>
    <ClCompile Include="src\headers\JsonTree\Implements\Node.cpp">
      <Filter>소스 파일\JsonTree</Filter>
    </ClCompile>
    <ClCompile Include="src\headers\FileIO\Implements\FileIOManager.cpp">
      <Filter>소스 파일\FileIO</Filter>
    </ClCompile>
    <ClCompile Include="src\headers\Tokenizer\Implements\Tokenizer.cpp">
      <Filter>소스 파일\Tokenizer</Filter>
    </ClCompile>
    <ClCompile Include="src\headers\Utils\Implements\TypeUtils.cpp">
      <Filter>소스 파일\Utils</Filter>
    </ClCompile>
    <ClCompile Include="src\headers\Utils\Implements\StringUtils.cpp">
      <Filter>소스 파일\Utils</Filter>
    </ClCompile>
    <ClCompile Include="src\headers\JsonTree\Implements\JSONTreeBuilder.cpp">
      <Filter>소스 파일\JsonTree</Filter>
    </ClCompile>
  </ItemGroup>
  <ItemGroup>
    <ClInclude Include="src\headers\JsonTree\Node.hpp">
      <Filter>헤더 파일\JsonTree</Filter>
    </ClInclude>
    <ClInclude Include="src\headers\JsonTree\NodeBase.hpp">
      <Filter>헤더 파일\JsonTree</Filter>
    </ClInclude>
    <ClInclude Include="src\headers\JsonTree\NodeTypes.hpp">
      <Filter>헤더 파일\JsonTree</Filter>
    </ClInclude>
    <ClInclude Include="src\headers\FileIO\FileIOManager.hpp">
      <Filter>헤더 파일\FileIO</Filter>
    </ClInclude>
    <ClInclude Include="src\headers\Tokenizer\Tokenizer.hpp">
      <Filter>헤더 파일\Tokenizer</Filter>
    </ClInclude>
    <ClInclude Include="src\headers\Utils\TypeUtils.hpp">
      <Filter>헤더 파일\Utils</Filter>
    </ClInclude>
    <ClInclude Include="src\headers\Utils\StringUtils.hpp">
      <Filter>헤더 파일\Utils</Filter>
    </ClInclude>
    <ClInclude Include="src\headers\JsonTree\JSONTreeBuilder.hpp">
      <Filter>헤더 파일\JsonTree</Filter>
    </ClInclude>
    <ClInclude Include="src\headers\Tokenizer\Tokens.hpp">
      <Filter>헤더 파일\Tokenizer</Filter>
    </ClInclude>
  </ItemGroup>
  <ItemGroup>
    <None Include="..\.gitignore">
      <Filter>Git</Filter>
    </None>
    <None Include="..\..\..\새 폴더 (2)\json.json">
      <Filter>리소스 파일</Filter>
    </None>
  </ItemGroup>
  <ItemGroup>
    <Text Include="dummy\구상의 흔적들.txt">
      <Filter>리소스 파일</Filter>
    </Text>
  </ItemGroup>
</Project>